{
  "name": "lm_drive_api",
  "lockfileVersion": 3,
  "requires": true,
  "packages": {
    "": {
      "dependencies": {
        "@stripe/stripe-js": "^4.10.0"
      }
    },
    "node_modules/@stripe/stripe-js": {
      "version": "4.10.0",
      "resolved": "https://registry.npmjs.org/@stripe/stripe-js/-/stripe-js-4.10.0.tgz",
      "integrity": "sha512-KrMOL+sH69htCIXCaZ4JluJ35bchuCCznyPyrbN8JXSGQfwBI1SuIEMZNwvy8L8ykj29t6sa5BAAiL7fNoLZ8A==",
      "license": "MIT",
      "engines": {
        "node": ">=12.16"
      }
    }
  }
}
